
Microsoft Visual Studio Solution File, Format Version 12.00
# Visual Studio Version 16
VisualStudioVersion = 16.0.31613.86
MinimumVisualStudioVersion = 10.0.40219.1
Project("{9A19103F-16F7-4668-BE54-9A1E7A4F7556}") = "DataLab", "DataLab\DataLab.csproj", "{7023D37E-2D09-4AFA-A6B7-D946ED8DB5D2}"
EndProject
Project("{FAE04EC0-301F-11D3-BF4B-00C04F79EFBC}") = "DataLab.UnitTests", "DataLab.UnitTests\DataLab.UnitTests.csproj", "{8AA7B54C-163E-4FF4-A417-D6269EA21C86}"
EndProject
Global
	GlobalSection(SolutionConfigurationPlatforms) = preSolution
		Debug|Any CPU = Debug|Any CPU
		Release|Any CPU = Release|Any CPU
	EndGlobalSection
	GlobalSection(ProjectConfigurationPlatforms) = postSolution
		{7023D37E-2D09-4AFA-A6B7-D946ED8DB5D2}.Debug|Any CPU.ActiveCfg = Debug|Any CPU
		{7023D37E-2D09-4AFA-A6B7-D946ED8DB5D2}.Debug|Any CPU.Build.0 = Debug|Any CPU
		{7023D37E-2D09-4AFA-A6B7-D946ED8DB5D2}.Release|Any CPU.ActiveCfg = Release|Any CPU
		{7023D37E-2D09-4AFA-A6B7-D946ED8DB5D2}.Release|Any CPU.Build.0 = Release|Any CPU
		{8AA7B54C-163E-4FF4-A417-D6269EA21C86}.Debug|Any CPU.ActiveCfg = Debug|Any CPU
		{8AA7B54C-163E-4FF4-A417-D6269EA21C86}.Debug|Any CPU.Build.0 = Debug|Any CPU
		{8AA7B54C-163E-4FF4-A417-D6269EA21C86}.Release|Any CPU.ActiveCfg = Release|Any CPU
		{8AA7B54C-163E-4FF4-A417-D6269EA21C86}.Release|Any CPU.Build.0 = Release|Any CPU
	EndGlobalSection
	GlobalSection(SolutionProperties) = preSolution
		HideSolutionNode = FALSE
	EndGlobalSection
	GlobalSection(ExtensibilityGlobals) = postSolution
		SolutionGuid = {D1DB2DB3-A4BD-43D1-9B9C-BE3FDCF247F5}
	EndGlobalSection
EndGlobal
